github.com/Masterminds/semver/v3 v3.2.0 h1:3MEsd0SM6jqZojhjLWWeBY+Kcjy9i6MQAeY7YgDP83g=
github.com/Masterminds/semver/v3 v3.2.0/go.mod h1:qvl/7zhW3nngYb5+80sSMF+FG2BjYrf8m9wsX0PNOMQ=
github.com/aws/aws-cdk-go/awscdk/v2 v2.63.0 h1:KaiUoaeNh6UM3pijHiPe6ng7tN3+9pFPpaVDELvB6UQ=
github.com/aws/aws-cdk-go/awscdk/v2 v2.63.0/go.mod h1:2AHLm7IsgF/c9pFCXRMatF0AaBSL5UvGARn//D6XPxQ=
github.com/aws/constructs-go/constructs/v10 v10.1.235 h1:zm45fOuxw69mljpGljMyVnUj4Euca+TMoLMqvNVnKqU=
github.com/aws/constructs-go/constructs/v10 v10.1.235/go.mod h1:NQCsWiRt2o0knY6ZhoQqJXQuvVOPuWOijrVWJH+FEzE=
github.com/aws/jsii-runtime-go v1.74.0 h1:8Ol3FA5PaBbJbCKTQhrqfImUHsfm3ClxFc5011fqjZo=
github.com/aws/jsii-runtime-go v1.74.0/go.mod h1:a4Kwj7hIHXOVtFE2swJTSb5Om9bVY3EorQRnyRyfmME=
github.com/cdklabs/awscdk-asset-awscli-go/awscliv1/v2 v2.2.52 h1:7Dxm/vUUDpTiwA8A+1kNalfQUxxv4PE0koAqXM/2yKo=
github.com/cdklabs/awscdk-asset-awscli-go/awscliv1/v2 v2.2.52/go.mod h1:6YA9iy+L7sMv01drwaY/hJtzxsfhZUaXP0M3BtTpSEQ=
github.com/cdklabs/awscdk-asset-kubectl-go/kubectlv20/v2 v2.1.1 h1:l5N27aCCjAB5cgW5pI4/ujnasPL8hUcJ9KBxrKk6UiQ=
github.com/cdklabs/awscdk-asset-kubectl-go/kubectlv20/v2 v2.1.1/go.mod h1:CvFHBo0qcg8LUkJqIxQtP1rD/sNGv9bX3L2vHT2FUAo=
github.com/cdklabs/awscdk-asset-node-proxy-agent-go/nodeproxyagentv5/v2 v2.0.42 h1:egSFV3b26BddgDs/PySpmgEB2YZYJWZT0dKXXnyoAbg=
github.com/cdklabs/awscdk-asset-node-proxy-agent-go/nodeproxyagentv5/v2 v2.0.42/go.mod h1:SWNTwiQdfSroDD4A7latQE2vioYXujeW15t58XBy0sE=
